
Microsoft Visual Studio Solution File, Format Version 12.00
# Visual Studio Version 17
VisualStudioVersion = 17.8.34330.188
MinimumVisualStudioVersion = 10.0.40219.1
Project("{FAE04EC0-301F-11D3-BF4B-00C04F79EFBC}") = "Pizzaappphase4", "Pizzaappphase4\Pizzaappphase4.csproj", "{47D7B197-24C3-4B83-B381-9A18583B489D}"
EndProject
Project("{FAE04EC0-301F-11D3-BF4B-00C04F79EFBC}") = "TestProject1", "TestProject1\TestProject1.csproj", "{A2754BB5-A503-4816-8885-0D6943E0ADD8}"
EndProject
Global
	GlobalSection(SolutionConfigurationPlatforms) = preSolution
		Debug|Any CPU = Debug|Any CPU
		Release|Any CPU = Release|Any CPU
	EndGlobalSection
	GlobalSection(ProjectConfigurationPlatforms) = postSolution
		{47D7B197-24C3-4B83-B381-9A18583B489D}.Debug|Any CPU.ActiveCfg = Debug|Any CPU
		{47D7B197-24C3-4B83-B381-9A18583B489D}.Debug|Any CPU.Build.0 = Debug|Any CPU
		{47D7B197-24C3-4B83-B381-9A18583B489D}.Release|Any CPU.ActiveCfg = Release|Any CPU
		{47D7B197-24C3-4B83-B381-9A18583B489D}.Release|Any CPU.Build.0 = Release|Any CPU
		{A2754BB5-A503-4816-8885-0D6943E0ADD8}.Debug|Any CPU.ActiveCfg = Debug|Any CPU
		{A2754BB5-A503-4816-8885-0D6943E0ADD8}.Debug|Any CPU.Build.0 = Debug|Any CPU
		{A2754BB5-A503-4816-8885-0D6943E0ADD8}.Release|Any CPU.ActiveCfg = Release|Any CPU
		{A2754BB5-A503-4816-8885-0D6943E0ADD8}.Release|Any CPU.Build.0 = Release|Any CPU
	EndGlobalSection
	GlobalSection(SolutionProperties) = preSolution
		HideSolutionNode = FALSE
	EndGlobalSection
	GlobalSection(ExtensibilityGlobals) = postSolution
		SolutionGuid = {0E7854DF-4124-4897-8CE8-5C94F9EEF459}
	EndGlobalSection
EndGlobal
